// !$*UTF8*$!
{
	archiveVersion = 1;
	classes = {
	};
	objectVersion = 50;
	objects = {

/* Begin PBXBuildFile section */
		7F8BDFA22252A52200F354E1 /* AppDelegate.swift in Sources */ = {isa = PBXBuildFile; fileRef = 7F8BDFA12252A52200F354E1 /* AppDelegate.swift */; };
		7F8BDFA42252A52200F354E1 /* ViewController.swift in Sources */ = {isa = PBXBuildFile; fileRef = 7F8BDFA32252A52200F354E1 /* ViewController.swift */; };
		7F8BDFA72252A52200F354E1 /* Main.storyboard in Resources */ = {isa = PBXBuildFile; fileRef = 7F8BDFA52252A52200F354E1 /* Main.storyboard */; };
		7F8BDFA92252A52300F354E1 /* Assets.xcassets in Resources */ = {isa = PBXBuildFile; fileRef = 7F8BDFA82252A52300F354E1 /* Assets.xcassets */; };
		7F8BDFAC2252A52300F354E1 /* LaunchScreen.storyboard in Resources */ = {isa = PBXBuildFile; fileRef = 7F8BDFAA2252A52300F354E1 /* LaunchScreen.storyboard */; };
		7F8BDFB72252A52300F354E1 /* firstAppTests.swift in Sources */ = {isa = PBXBuildFile; fileRef = 7F8BDFB62252A52300F354E1 /* firstAppTests.swift */; };
		7F8BDFC22252A52300F354E1 /* firstAppUITests.swift in Sources */ = {isa = PBXBuildFile; fileRef = 7F8BDFC12252A52300F354E1 /* firstAppUITests.swift */; };
/* End PBXBuildFile section */

/* Begin PBXContainerItemProxy section */
		7F8BDFB32252A52300F354E1 /* PBXContainerItemProxy */ = {
			isa = PBXContainerItemProxy;
			containerPortal = 7F8BDF962252A52100F354E1 /* Project object */;
			proxyType = 1;
			remoteGlobalIDString = 7F8BDF9D2252A52100F354E1;
			remoteInfo = firstApp;
		};
		7F8BDFBE2252A52300F354E1 /* PBXContainerItemProxy */ = {
			isa = PBXContainerItemProxy;
			containerPortal = 7F8BDF962252A52100F354E1 /* Project object */;
			proxyType = 1;
			remoteGlobalIDString = 7F8BDF9D2252A52100F354E1;
			remoteInfo = firstApp;
		};
/* End PBXContainerItemProxy section */

/* Begin PBXFileReference section */
		7F8BDF9E2252A52200F354E1 /* firstApp.app */ = {isa = PBXFileReference; explicitFileType = wrapper.application; includeInIndex = 0; path = firstApp.app; sourceTree = BUILT_PRODUCTS_DIR; };
		7F8BDFA12252A52200F354E1 /* AppDelegate.swift */ = {isa = PBXFileReference; lastKnownFileType = sourcecode.swift; path = AppDelegate.swift; sourceTree = "<group>"; };
		7F8BDFA32252A52200F354E1 /* ViewController.swift */ = {isa = PBXFileReference; lastKnownFileType = sourcecode.swift; path = ViewController.swift; sourceTree = "<group>"; };
		7F8BDFA62252A52200F354E1 /* Base */ = {isa = PBXFileReference; lastKnownFileType = file.storyboard; name = Base; path = Base.lproj/Main.storyboard; sourceTree = "<group>"; };
		7F8BDFA82252A52300F354E1 /* Assets.xcassets */ = {isa = PBXFileReference; lastKnownFileType = folder.assetcatalog; path = Assets.xcassets; sourceTree = "<group>"; };
		7F8BDFAB2252A52300F354E1 /* Base */ = {isa = PBXFileReference; lastKnownFileType = file.storyboard; name = Base; path = Base.lproj/LaunchScreen.storyboard; sourceTree = "<group>"; };
		7F8BDFAD2252A52300F354E1 /* Info.plist */ = {isa = PBXFileReference; lastKnownFileType = text.plist.xml; path = Info.plist; sourceTree = "<group>"; };
		7F8BDFB22252A52300F354E1 /* firstAppTests.xctest */ = {isa = PBXFileReference; explicitFileType = wrapper.cfbundle; includeInIndex = 0; path = firstAppTests.xctest; sourceTree = BUILT_PRODUCTS_DIR; };
		7F8BDFB62252A52300F354E1 /* firstAppTests.swift */ = {isa = PBXFileReference; lastKnownFileType = sourcecode.swift; path = firstAppTests.swift; sourceTree = "<group>"; };
		7F8BDFB82252A52300F354E1 /* Info.plist */ = {isa = PBXFileReference; lastKnownFileType = text.plist.xml; path = Info.plist; sourceTree = "<group>"; };
		7F8BDFBD2252A52300F354E1 /* firstAppUITests.xctest */ = {isa = PBXFileReference; explicitFileType = wrapper.cfbundle; includeInIndex = 0; path = firstAppUITests.xctest; sourceTree = BUILT_PRODUCTS_DIR; };
		7F8BDFC12252A52300F354E1 /* firstAppUITests.swift */ = {isa = PBXFileReference; lastKnownFileType = sourcecode.swift; path = firstAppUITests.swift; sourceTree = "<group>"; };
		7F8BDFC32252A52300F354E1 /* Info.plist */ = {isa = PBXFileReference; lastKnownFileType = text.plist.xml; path = Info.plist; sourceTree = "<group>"; };
/* End PBXFileReference section */

/* Begin PBXFrameworksBuildPhase section */
		7F8BDF9B2252A52100F354E1 /* Frameworks */ = {
			isa = PBXFrameworksBuildPhase;
			buildActionMask = 2147483647;
			files = (
			);
			runOnlyForDeploymentPostprocessing = 0;
		};
		7F8BDFAF2252A52300F354E1 /* Frameworks */ = {
			isa = PBXFrameworksBuildPhase;
			buildActionMask = 2147483647;
			files = (
			);
			runOnlyForDeploymentPostprocessing = 0;
		};
		7F8BDFBA2252A52300F354E1 /* Frameworks */ = {
			isa = PBXFrameworksBuildPhase;
			buildActionMask = 2147483647;
			files = (
			);
			runOnlyForDeploymentPostprocessing = 0;
		};
/* End PBXFrameworksBuildPhase section */

/* Begin PBXGroup section */
		7F8BDF952252A52100F354E1 = {
			isa = PBXGroup;
			children = (
				7F8BDFA02252A52200F354E1 /* firstApp */,
				7F8BDFB52252A52300F354E1 /* firstAppTests */,
				7F8BDFC02252A52300F354E1 /* firstAppUITests */,
				7F8BDF9F2252A52200F354E1 /* Products */,
			);
			sourceTree = "<group>";
		};
		7F8BDF9F2252A52200F354E1 /* Products */ = {
			isa = PBXGroup;
			children = (
				7F8BDF9E2252A52200F354E1 /* firstApp.app */,
				7F8BDFB22252A52300F354E1 /* firstAppTests.xctest */,
				7F8BDFBD2252A52300F354E1 /* firstAppUITests.xctest */,
			);
			name = Products;
			sourceTree = "<group>";
		};
		7F8BDFA02252A52200F354E1 /* firstApp */ = {
			isa = PBXGroup;
			children = (
				7F8BDFA12252A52200F354E1 /* AppDelegate.swift */,
				7F8BDFA32252A52200F354E1 /* ViewController.swift */,
				7F8BDFA52252A52200F354E1 /* Main.storyboard */,
				7F8BDFA82252A52300F354E1 /* Assets.xcassets */,
				7F8BDFAA2252A52300F354E1 /* LaunchScreen.storyboard */,
				7F8BDFAD2252A52300F354E1 /* Info.plist */,
			);
			path = firstApp;
			sourceTree = "<group>";
		};
		7F8BDFB52252A52300F354E1 /* firstAppTests */ = {
			isa = PBXGroup;
			children = (
				7F8BDFB62252A52300F354E1 /* firstAppTests.swift */,
				7F8BDFB82252A52300F354E1 /* Info.plist */,
			);
			path = firstAppTests;
			sourceTree = "<group>";
		};
		7F8BDFC02252A52300F354E1 /* firstAppUITests */ = {
			isa = PBXGroup;
			children = (
				7F8BDFC12252A52300F354E1 /* firstAppUITests.swift */,
				7F8BDFC32252A52300F354E1 /* Info.plist */,
			);
			path = firstAppUITests;
			sourceTree = "<group>";
		};
/* End PBXGroup section */

/* Begin PBXNativeTarget section */
		7F8BDF9D2252A52100F354E1 /* firstApp */ = {
			isa = PBXNativeTarget;
			buildConfigurationList = 7F8BDFC62252A52300F354E1 /* Build configuration list for PBXNativeTarget "firstApp" */;
			buildPhases = (
				7F8BDF9A2252A52100F354E1 /* Sources */,
				7F8BDF9B2252A52100F354E1 /* Frameworks */,
				7F8BDF9C2252A52100F354E1 /* Resources */,
			);
			buildRules = (
			);
			dependencies = (
			);
			name = firstApp;
			productName = firstApp;
			productReference = 7F8BDF9E2252A52200F354E1 /* firstApp.app */;
			productType = "com.apple.product-type.application";
		};
		7F8BDFB12252A52300F354E1 /* firstAppTests */ = {
			isa = PBXNativeTarget;
			buildConfigurationList = 7F8BDFC92252A52300F354E1 /* Build configuration list for PBXNativeTarget "firstAppTests" */;
			buildPhases = (
				7F8BDFAE2252A52300F354E1 /* Sources */,
				7F8BDFAF2252A52300F354E1 /* Frameworks */,
				7F8BDFB02252A52300F354E1 /* Resources */,
			);
			buildRules = (
			);
			dependencies = (
				7F8BDFB42252A52300F354E1 /* PBXTargetDependency */,
			);
			name = firstAppTests;
			productName = firstAppTests;
			productReference = 7F8BDFB22252A52300F354E1 /* firstAppTests.xctest */;
			productType = "com.apple.product-type.bundle.unit-test";
		};
		7F8BDFBC2252A52300F354E1 /* firstAppUITests */ = {
			isa = PBXNativeTarget;
			buildConfigurationList = 7F8BDFCC2252A52300F354E1 /* Build configuration list for PBXNativeTarget "firstAppUITests" */;
			buildPhases = (
				7F8BDFB92252A52300F354E1 /* Sources */,
				7F8BDFBA2252A52300F354E1 /* Frameworks */,
				7F8BDFBB2252A52300F354E1 /* Resources */,
			);
			buildRules = (
			);
			dependencies = (
				7F8BDFBF2252A52300F354E1 /* PBXTargetDependency */,
			);
			name = firstAppUITests;
			productName = firstAppUITests;
			productReference = 7F8BDFBD2252A52300F354E1 /* firstAppUITests.xctest */;
			productType = "com.apple.product-type.bundle.ui-testing";
		};
/* End PBXNativeTarget section */

/* Begin PBXProject section */
		7F8BDF962252A52100F354E1 /* Project object */ = {
			isa = PBXProject;
			attributes = {
				LastSwiftUpdateCheck = 1020;
				LastUpgradeCheck = 1020;
				ORGANIZATIONNAME = egmars.janis.timma;
				TargetAttributes = {
					7F8BDF9D2252A52100F354E1 = {
						CreatedOnToolsVersion = 10.2;
					};
					7F8BDFB12252A52300F354E1 = {
						CreatedOnToolsVersion = 10.2;
						TestTargetID = 7F8BDF9D2252A52100F354E1;
					};
					7F8BDFBC2252A52300F354E1 = {
						CreatedOnToolsVersion = 10.2;
						TestTargetID = 7F8BDF9D2252A52100F354E1;
					};
				};
			};
			buildConfigurationList = 7F8BDF992252A52100F354E1 /* Build configuration list for PBXProject "firstApp" */;
			compatibilityVersion = "Xcode 9.3";
			developmentRegion = en;
			hasScannedForEncodings = 0;
			knownRegions = (
				en,
				Base,
			);
			mainGroup = 7F8BDF952252A52100F354E1;
			productRefGroup = 7F8BDF9F2252A52200F354E1 /* Products */;
			projectDirPath = "";
			projectRoot = "";
			targets = (
				7F8BDF9D2252A52100F354E1 /* firstApp */,
				7F8BDFB12252A52300F354E1 /* firstAppTests */,
				7F8BDFBC2252A52300F354E1 /* firstAppUITests */,
			);
		};
/* End PBXProject section */

/* Begin PBXResourcesBuildPhase section */
		7F8BDF9C2252A52100F354E1 /* Resources */ = {
			isa = PBXResourcesBuildPhase;
			buildActionMask = 2147483647;
			files = (
				7F8BDFAC2252A52300F354E1 /* LaunchScreen.storyboard in Resources */,
				7F8BDFA92252A52300F354E1 /* Assets.xcassets in Resources */,
				7F8BDFA72252A52200F354E1 /* Main.storyboard in Resources */,
			);
			runOnlyForDeploymentPostprocessing = 0;
		};
		7F8BDFB02252A52300F354E1 /* Resources */ = {
			isa = PBXResourcesBuildPhase;
			buildActionMask = 2147483647;
			files = (
			);
			runOnlyForDeploymentPostprocessing = 0;
		};
		7F8BDFBB2252A52300F354E1 /* Resources */ = {
			isa = PBXResourcesBuildPhase;
			buildActionMask = 2147483647;
			files = (
			);
			runOnlyForDeploymentPostprocessing = 0;
		};
/* End PBXResourcesBuildPhase section */

/* Begin PBXSourcesBuildPhase section */
		7F8BDF9A2252A52100F354E1 /* Sources */ = {
			isa = PBXSourcesBuildPhase;
			buildActionMask = 2147483647;
			files = (
				7F8BDFA42252A52200F354E1 /* ViewController.swift in Sources */,
				7F8BDFA22252A52200F354E1 /* AppDelegate.swift in Sources */,
			);
			runOnlyForDeploymentPostprocessing = 0;
		};
		7F8BDFAE2252A52300F354E1 /* Sources */ = {
			isa = PBXSourcesBuildPhase;
			buildActionMask = 2147483647;
			files = (
				7F8BDFB72252A52300F354E1 /* firstAppTests.swift in Sources */,
			);
			runOnlyForDeploymentPostprocessing = 0;
		};
		7F8BDFB92252A52300F354E1 /* Sources */ = {
			isa = PBXSourcesBuildPhase;
			buildActionMask = 2147483647;
			files = (
				7F8BDFC22252A52300F354E1 /* firstAppUITests.swift in Sources */,
			);
			runOnlyForDeploymentPostprocessing = 0;
		};
/* End PBXSourcesBuildPhase section */

/* Begin PBXTargetDependency section */
		7F8BDFB42252A52300F354E1 /* PBXTargetDependency */ = {
			isa = PBXTargetDependency;
			target = 7F8BDF9D2252A52100F354E1 /* firstApp */;
			targetProxy = 7F8BDFB32252A52300F354E1 /* PBXContainerItemProxy */;
		};
		7F8BDFBF2252A52300F354E1 /* PBXTargetDependency */ = {
			isa = PBXTargetDependency;
			target = 7F8BDF9D2252A52100F354E1 /* firstApp */;
			targetProxy = 7F8BDFBE2252A52300F354E1 /* PBXContainerItemProxy */;
		};
/* End PBXTargetDependency section */

/* Begin PBXVariantGroup section */
		7F8BDFA52252A52200F354E1 /* Main.storyboard */ = {
			isa = PBXVariantGroup;
			children = (
				7F8BDFA62252A52200F354E1 /* Base */,
			);
			name = Main.storyboard;
			sourceTree = "<group>";
		};
		7F8BDFAA2252A52300F354E1 /* LaunchScreen.storyboard */ = {
			isa = PBXVariantGroup;
			children = (
				7F8BDFAB2252A52300F354E1 /* Base */,
			);
			name = LaunchScreen.storyboard;
			sourceTree = "<group>";
		};
/* End PBXVariantGroup section */

/* Begin XCBuildConfiguration section */
		7F8BDFC42252A52300F354E1 /* Debug */ = {
			isa = XCBuildConfiguration;
			buildSettings = {
				ALWAYS_SEARCH_USER_PATHS = NO;
				CLANG_ANALYZER_NONNULL = YES;
				CLANG_ANALYZER_NUMBER_OBJECT_CONVERSION = YES_AGGRESSIVE;
				CLANG_CXX_LANGUAGE_STANDARD = "gnu++14";
				CLANG_CXX_LIBRARY = "libc++";
				CLANG_ENABLE_MODULES = YES;
				CLANG_ENABLE_OBJC_ARC = YES;
				CLANG_ENABLE_OBJC_WEAK = YES;
				CLANG_WARN_BLOCK_CAPTURE_AUTORELEASING = YES;
				CLANG_WARN_BOOL_CONVERSION = YES;
				CLANG_WARN_COMMA = YES;
				CLANG_WARN_CONSTANT_CONVERSION = YES;
				CLANG_WARN_DEPRECATED_OBJC_IMPLEMENTATIONS = YES;
				CLANG_WARN_DIRECT_OBJC_ISA_USAGE = YES_ERROR;
				CLANG_WARN_DOCUMENTATION_COMMENTS = YES;
				CLANG_WARN_EMPTY_BODY = YES;
				CLANG_WARN_ENUM_CONVERSION = YES;
				CLANG_WARN_INFINITE_RECURSION = YES;
				CLANG_WARN_INT_CONVERSION = YES;
				CLANG_WARN_NON_LITERAL_NULL_CONVERSION = YES;
				CLANG_WARN_OBJC_IMPLICIT_RETAIN_SELF = YES;
				CLANG_WARN_OBJC_LITERAL_CONVERSION = YES;
				CLANG_WARN_OBJC_ROOT_CLASS = YES_ERROR;
				CLANG_WARN_RANGE_LOOP_ANALYSIS = YES;
				CLANG_WARN_STRICT_PROTOTYPES = YES;
				CLANG_WARN_SUSPICIOUS_MOVE = YES;
				CLANG_WARN_UNGUARDED_AVAILABILITY = YES_AGGRESSIVE;
				CLANG_WARN_UNREACHABLE_CODE = YES;
				CLANG_WARN__DUPLICATE_METHOD_MATCH = YES;
				CODE_SIGN_IDENTITY = "iPhone Developer";
				COPY_PHASE_STRIP = NO;
				DEBUG_INFORMATION_FORMAT = dwarf;
				ENABLE_STRICT_OBJC_MSGSEND = YES;
				ENABLE_TESTABILITY = YES;
				GCC_C_LANGUAGE_STANDARD = gnu11;
				GCC_DYNAMIC_NO_PIC = NO;
				GCC_NO_COMMON_BLOCKS = YES;
				GCC_OPTIMIZATION_LEVEL = 0;
				GCC_PREPROCESSOR_DEFINITIONS = (
					"DEBUG=1",
					"$(inherited)",
				);
				GCC_WARN_64_TO_32_BIT_CONVERSION = YES;
				GCC_WARN_ABOUT_RETURN_TYPE = YES_ERROR;
				GCC_WARN_UNDECLARED_SELECTOR = YES;
				GCC_WARN_UNINITIALIZED_AUTOS = YES_AGGRESSIVE;
				GCC_WARN_UNUSED_FUNCTION = YES;
				GCC_WARN_UNUSED_VARIABLE = YES;
				IPHONEOS_DEPLOYMENT_TARGET = 12.2;
				MTL_ENABLE_DEBUG_INFO = INCLUDE_SOURCE;
				MTL_FAST_MATH = YES;
				ONLY_ACTIVE_ARCH = YES;
				SDKROOT = iphoneos;
				SWIFT_ACTIVE_COMPILATION_CONDITIONS = DEBUG;
				SWIFT_OPTIMIZATION_LEVEL = "-Onone";
			};
			name = Debug;
		};
		7F8BDFC52252A52300F354E1 /* Release */ = {
			isa = XCBuildConfiguration;
			buildSettings = {
				ALWAYS_SEARCH_USER_PATHS = NO;
				CLANG_ANALYZER_NONNULL = YES;
				CLANG_ANALYZER_NUMBER_OBJECT_CONVERSION = YES_AGGRESSIVE;
				CLANG_CXX_LANGUAGE_STANDARD = "gnu++14";
				CLANG_CXX_LIBRARY = "libc++";
				CLANG_ENABLE_MODULES = YES;
				CLANG_ENABLE_OBJC_ARC = YES;
				CLANG_ENABLE_OBJC_WEAK = YES;
				CLANG_WARN_BLOCK_CAPTURE_AUTORELEASING = YES;
				CLANG_WARN_BOOL_CONVERSION = YES;
				CLANG_WARN_COMMA = YES;
				CLANG_WARN_CONSTANT_CONVERSION = YES;
				CLANG_WARN_DEPRECATED_OBJC_IMPLEMENTATIONS = YES;
				CLANG_WARN_DIRECT_OBJC_ISA_USAGE = YES_ERROR;
				CLANG_WARN_DOCUMENTATION_COMMENTS = YES;
				CLANG_WARN_EMPTY_BODY = YES;
				CLANG_WARN_ENUM_CONVERSION = YES;
				CLANG_WARN_INFINITE_RECURSION = YES;
				CLANG_WARN_INT_CONVERSION = YES;
				CLANG_WARN_NON_LITERAL_NULL_CONVERSION = YES;
				CLANG_WARN_OBJC_IMPLICIT_RETAIN_SELF = YES;
				CLANG_WARN_OBJC_LITERAL_CONVERSION = YES;
				CLANG_WARN_OBJC_ROOT_CLASS = YES_ERROR;
				CLANG_WARN_RANGE_LOOP_ANALYSIS = YES;
				CLANG_WARN_STRICT_PROTOTYPES = YES;
				CLANG_WARN_SUSPICIOUS_MOVE = YES;
				CLANG_WARN_UNGUARDED_AVAILABILITY = YES_AGGRESSIVE;
				CLANG_WARN_UNREACHABLE_CODE = YES;
				CLANG_WARN__DUPLICATE_METHOD_MATCH = YES;
				CODE_SIGN_IDENTITY = "iPhone Developer";
				COPY_PHASE_STRIP = NO;
				DEBUG_INFORMATION_FORMAT = "dwarf-with-dsym";
				ENABLE_NS_ASSERTIONS = NO;
				ENABLE_STRICT_OBJC_MSGSEND = YES;
				GCC_C_LANGUAGE_STANDARD = gnu11;
				GCC_NO_COMMON_BLOCKS = YES;
				GCC_WARN_64_TO_32_BIT_CONVERSION = YES;
				GCC_WARN_ABOUT_RETURN_TYPE = YES_ERROR;
				GCC_WARN_UNDECLARED_SELECTOR = YES;
				GCC_WARN_UNINITIALIZED_AUTOS = YES_AGGRESSIVE;
				GCC_WARN_UNUSED_FUNCTION = YES;
				GCC_WARN_UNUSED_VARIABLE = YES;
				IPHONEOS_DEPLOYMENT_TARGET = 12.2;
				MTL_ENABLE_DEBUG_INFO = NO;
				MTL_FAST_MATH = YES;
				SDKROOT = iphoneos;
				SWIFT_COMPILATION_MODE = wholemodule;
				SWIFT_OPTIMIZATION_LEVEL = "-O";
				VALIDATE_PRODUCT = YES;
			};
			name = Release;
		};
		7F8BDFC72252A52300F354E1 /* Debug */ = {
			isa = XCBuildConfiguration;
			buildSettings = {
				ASSETCATALOG_COMPILER_APPICON_NAME = AppIcon;
				CODE_SIGN_STYLE = Automatic;
				INFOPLIST_FILE = firstApp/Info.plist;
				LD_RUNPATH_SEARCH_PATHS = (
					"$(inherited)",
					"@executable_path/Frameworks",
				);
				PRODUCT_BUNDLE_IDENTIFIER = accenture.firstApp;
				PRODUCT_NAME = "$(TARGET_NAME)";
				SWIFT_VERSION = 5.0;
				TARGETED_DEVICE_FAMILY = "1,2";
			};
			name = Debug;
		};
		7F8BDFC82252A52300F354E1 /* Release */ = {
			isa = XCBuildConfiguration;
			buildSettings = {
				ASSETCATALOG_COMPILER_APPICON_NAME = AppIcon;
				CODE_SIGN_STYLE = Automatic;
				INFOPLIST_FILE = firstApp/Info.plist;
				LD_RUNPATH_SEARCH_PATHS = (
					"$(inherited)",
					"@executable_path/Frameworks",
				);
				PRODUCT_BUNDLE_IDENTIFIER = accenture.firstApp;
				PRODUCT_NAME = "$(TARGET_NAME)";
				SWIFT_VERSION = 5.0;
				TARGETED_DEVICE_FAMILY = "1,2";
			};
			name = Release;
		};
		7F8BDFCA2252A52300F354E1 /* Debug */ = {
			isa = XCBuildConfiguration;
			buildSettings = {
				ALWAYS_EMBED_SWIFT_STANDARD_LIBRARIES = YES;
				BUNDLE_LOADER = "$(TEST_HOST)";
				CODE_SIGN_STYLE = Automatic;
				INFOPLIST_FILE = firstAppTests/Info.plist;
				LD_RUNPATH_SEARCH_PATHS = (
					"$(inherited)",
					"@executable_path/Frameworks",
					"@loader_path/Frameworks",
				);
				PRODUCT_BUNDLE_IDENTIFIER = accenture.firstAppTests;
				PRODUCT_NAME = "$(TARGET_NAME)";
				SWIFT_VERSION = 5.0;
				TARGETED_DEVICE_FAMILY = "1,2";
				TEST_HOST = "$(BUILT_PRODUCTS_DIR)/firstApp.app/firstApp";
			};
			name = Debug;
		};
		7F8BDFCB2252A52300F354E1 /* Release */ = {
			isa = XCBuildConfiguration;
			buildSettings = {
				ALWAYS_EMBED_SWIFT_STANDARD_LIBRARIES = YES;
				BUNDLE_LOADER = "$(TEST_HOST)";
				CODE_SIGN_STYLE = Automatic;
				INFOPLIST_FILE = firstAppTests/Info.plist;
				LD_RUNPATH_SEARCH_PATHS = (
					"$(inherited)",
					"@executable_path/Frameworks",
					"@loader_path/Frameworks",
				);
				PRODUCT_BUNDLE_IDENTIFIER = accenture.firstAppTests;
				PRODUCT_NAME = "$(TARGET_NAME)";
				SWIFT_VERSION = 5.0;
				TARGETED_DEVICE_FAMILY = "1,2";
				TEST_HOST = "$(BUILT_PRODUCTS_DIR)/firstApp.app/firstApp";
			};
			name = Release;
		};
		7F8BDFCD2252A52300F354E1 /* Debug */ = {
			isa = XCBuildConfiguration;
			buildSettings = {
				ALWAYS_EMBED_SWIFT_STANDARD_LIBRARIES = YES;
				CODE_SIGN_STYLE = Automatic;
				INFOPLIST_FILE = firstAppUITests/Info.plist;
				LD_RUNPATH_SEARCH_PATHS = (
					"$(inherited)",
					"@executable_path/Frameworks",
					"@loader_path/Frameworks",
				);
				PRODUCT_BUNDLE_IDENTIFIER = accenture.firstAppUITests;
				PRODUCT_NAME = "$(TARGET_NAME)";
				SWIFT_VERSION = 5.0;
				TARGETED_DEVICE_FAMILY = "1,2";
				TEST_TARGET_NAME = firstApp;
			};
			name = Debug;
		};
		7F8BDFCE2252A52300F354E1 /* Release */ = {
			isa = XCBuildConfiguration;
			buildSettings = {
				ALWAYS_EMBED_SWIFT_STANDARD_LIBRARIES = YES;
				CODE_SIGN_STYLE = Automatic;
				INFOPLIST_FILE = firstAppUITests/Info.plist;
				LD_RUNPATH_SEARCH_PATHS = (
					"$(inherited)",
					"@executable_path/Frameworks",
					"@loader_path/Frameworks",
				);
				PRODUCT_BUNDLE_IDENTIFIER = accenture.firstAppUITests;
				PRODUCT_NAME = "$(TARGET_NAME)";
				SWIFT_VERSION = 5.0;
				TARGETED_DEVICE_FAMILY = "1,2";
				TEST_TARGET_NAME = firstApp;
			};
			name = Release;
		};
/* End XCBuildConfiguration section */

/* Begin XCConfigurationList section */
		7F8BDF992252A52100F354E1 /* Build configuration list for PBXProject "firstApp" */ = {
			isa = XCConfigurationList;
			buildConfigurations = (
				7F8BDFC42252A52300F354E1 /* Debug */,
				7F8BDFC52252A52300F354E1 /* Release */,
			);
			defaultConfigurationIsVisible = 0;
			defaultConfigurationName = Release;
		};
		7F8BDFC62252A52300F354E1 /* Build configuration list for PBXNativeTarget "firstApp" */ = {
			isa = XCConfigurationList;
			buildConfigurations = (
				7F8BDFC72252A52300F354E1 /* Debug */,
				7F8BDFC82252A52300F354E1 /* Release */,
			);
			defaultConfigurationIsVisible = 0;
			defaultConfigurationName = Release;
		};
		7F8BDFC92252A52300F354E1 /* Build configuration list for PBXNativeTarget "firstAppTests" */ = {
			isa = XCConfigurationList;
			buildConfigurations = (
				7F8BDFCA2252A52300F354E1 /* Debug */,
				7F8BDFCB2252A52300F354E1 /* Release */,
			);
			defaultConfigurationIsVisible = 0;
			defaultConfigurationName = Release;
		};
		7F8BDFCC2252A52300F354E1 /* Build configuration list for PBXNativeTarget "firstAppUITests" */ = {
			isa = XCConfigurationList;
			buildConfigurations = (
				7F8BDFCD2252A52300F354E1 /* Debug */,
				7F8BDFCE2252A52300F354E1 /* Release */,
			);
			defaultConfigurationIsVisible = 0;
			defaultConfigurationName = Release;
		};
/* End XCConfigurationList section */
	};
	rootObject = 7F8BDF962252A52100F354E1 /* Project object */;
}
